// !$*UTF8*$!
{
	archiveVersion = 1;
	classes = {
	};
	objectVersion = 56;
	objects = {

/* Begin PBXBuildFile section */
		D9A933AB2A95058E006E144A /* BalanceApp.swift in Sources */ = {isa = PBXBuildFile; fileRef = D9A933AA2A95058E006E144A /* BalanceApp.swift */; };
		D9A933AD2A95058E006E144A /* ContentView.swift in Sources */ = {isa = PBXBuildFile; fileRef = D9A933AC2A95058E006E144A /* ContentView.swift */; };
		D9A933AF2A95058F006E144A /* Assets.xcassets in Resources */ = {isa = PBXBuildFile; fileRef = D9A933AE2A95058F006E144A /* Assets.xcassets */; };
		D9A933B22A95058F006E144A /* Preview Assets.xcassets in Resources */ = {isa = PBXBuildFile; fileRef = D9A933B12A95058F006E144A /* Preview Assets.xcassets */; };
		D9A933B92A9505CA006E144A /* HealthKitHelper.swift in Sources */ = {isa = PBXBuildFile; fileRef = D9A933B82A9505CA006E144A /* HealthKitHelper.swift */; };
		D9A933BD2A951C5C006E144A /* Date.swift in Sources */ = {isa = PBXBuildFile; fileRef = D9A933BC2A951C5C006E144A /* Date.swift */; };
		D9A933BF2A952C04006E144A /* StackedBar.swift in Sources */ = {isa = PBXBuildFile; fileRef = D9A933BE2A952C04006E144A /* StackedBar.swift */; };
		D9A933C12A9574DC006E144A /* EstimationMode.swift in Sources */ = {isa = PBXBuildFile; fileRef = D9A933C02A9574DC006E144A /* EstimationMode.swift */; };
		D9A933C42A958079006E144A /* Double.swift in Sources */ = {isa = PBXBuildFile; fileRef = D9A933C32A958079006E144A /* Double.swift */; };
		D9A933C62AA0FC51006E144A /* DailySummaryView.swift in Sources */ = {isa = PBXBuildFile; fileRef = D9A933C52AA0FC50006E144A /* DailySummaryView.swift */; };
		D9A933C82AA0FEA3006E144A /* ViewExtensions.swift in Sources */ = {isa = PBXBuildFile; fileRef = D9A933C72AA0FEA3006E144A /* ViewExtensions.swift */; };
		D9A933CE2AA10776006E144A /* GoalDirection.swift in Sources */ = {isa = PBXBuildFile; fileRef = D9A933CD2AA10776006E144A /* GoalDirection.swift */; };
		D9A933D02AA11044006E144A /* SettingsView.swift in Sources */ = {isa = PBXBuildFile; fileRef = D9A933CF2AA11044006E144A /* SettingsView.swift */; };
		D9A933D22AA11D37006E144A /* DateFlipper.swift in Sources */ = {isa = PBXBuildFile; fileRef = D9A933D12AA11D37006E144A /* DateFlipper.swift */; };
		D9A933D42AA1237A006E144A /* EnvironmentKeys.swift in Sources */ = {isa = PBXBuildFile; fileRef = D9A933D32AA1237A006E144A /* EnvironmentKeys.swift */; };
		D9A933D82AA1308A006E144A /* OpposedStacksCircle.swift in Sources */ = {isa = PBXBuildFile; fileRef = D9A933D72AA1308A006E144A /* OpposedStacksCircle.swift */; };
		D9A933DA2AA80FBA006E144A /* HKUnit.swift in Sources */ = {isa = PBXBuildFile; fileRef = D9A933D92AA80FBA006E144A /* HKUnit.swift */; };
/* End PBXBuildFile section */

/* Begin PBXFileReference section */
		D9A933A72A95058E006E144A /* Balance.app */ = {isa = PBXFileReference; explicitFileType = wrapper.application; includeInIndex = 0; path = Balance.app; sourceTree = BUILT_PRODUCTS_DIR; };
		D9A933AA2A95058E006E144A /* BalanceApp.swift */ = {isa = PBXFileReference; lastKnownFileType = sourcecode.swift; path = BalanceApp.swift; sourceTree = "<group>"; };
		D9A933AC2A95058E006E144A /* ContentView.swift */ = {isa = PBXFileReference; lastKnownFileType = sourcecode.swift; path = ContentView.swift; sourceTree = "<group>"; };
		D9A933AE2A95058F006E144A /* Assets.xcassets */ = {isa = PBXFileReference; lastKnownFileType = folder.assetcatalog; path = Assets.xcassets; sourceTree = "<group>"; };
		D9A933B12A95058F006E144A /* Preview Assets.xcassets */ = {isa = PBXFileReference; lastKnownFileType = folder.assetcatalog; path = "Preview Assets.xcassets"; sourceTree = "<group>"; };
		D9A933B82A9505CA006E144A /* HealthKitHelper.swift */ = {isa = PBXFileReference; lastKnownFileType = sourcecode.swift; path = HealthKitHelper.swift; sourceTree = "<group>"; };
		D9A933BA2A95092A006E144A /* Balance.entitlements */ = {isa = PBXFileReference; lastKnownFileType = text.plist.entitlements; path = Balance.entitlements; sourceTree = "<group>"; };
		D9A933BB2A951331006E144A /* Info.plist */ = {isa = PBXFileReference; lastKnownFileType = text.plist; path = Info.plist; sourceTree = "<group>"; };
		D9A933BC2A951C5C006E144A /* Date.swift */ = {isa = PBXFileReference; lastKnownFileType = sourcecode.swift; path = Date.swift; sourceTree = "<group>"; };
		D9A933BE2A952C04006E144A /* StackedBar.swift */ = {isa = PBXFileReference; lastKnownFileType = sourcecode.swift; path = StackedBar.swift; sourceTree = "<group>"; };
		D9A933C02A9574DC006E144A /* EstimationMode.swift */ = {isa = PBXFileReference; lastKnownFileType = sourcecode.swift; path = EstimationMode.swift; sourceTree = "<group>"; };
		D9A933C32A958079006E144A /* Double.swift */ = {isa = PBXFileReference; lastKnownFileType = sourcecode.swift; path = Double.swift; sourceTree = "<group>"; };
		D9A933C52AA0FC50006E144A /* DailySummaryView.swift */ = {isa = PBXFileReference; lastKnownFileType = sourcecode.swift; path = DailySummaryView.swift; sourceTree = "<group>"; };
		D9A933C72AA0FEA3006E144A /* ViewExtensions.swift */ = {isa = PBXFileReference; lastKnownFileType = sourcecode.swift; path = ViewExtensions.swift; sourceTree = "<group>"; };
		D9A933CD2AA10776006E144A /* GoalDirection.swift */ = {isa = PBXFileReference; lastKnownFileType = sourcecode.swift; path = GoalDirection.swift; sourceTree = "<group>"; };
		D9A933CF2AA11044006E144A /* SettingsView.swift */ = {isa = PBXFileReference; lastKnownFileType = sourcecode.swift; path = SettingsView.swift; sourceTree = "<group>"; };
		D9A933D12AA11D37006E144A /* DateFlipper.swift */ = {isa = PBXFileReference; lastKnownFileType = sourcecode.swift; path = DateFlipper.swift; sourceTree = "<group>"; };
		D9A933D32AA1237A006E144A /* EnvironmentKeys.swift */ = {isa = PBXFileReference; lastKnownFileType = sourcecode.swift; path = EnvironmentKeys.swift; sourceTree = "<group>"; };
		D9A933D72AA1308A006E144A /* OpposedStacksCircle.swift */ = {isa = PBXFileReference; lastKnownFileType = sourcecode.swift; path = OpposedStacksCircle.swift; sourceTree = "<group>"; };
		D9A933D92AA80FBA006E144A /* HKUnit.swift */ = {isa = PBXFileReference; lastKnownFileType = sourcecode.swift; path = HKUnit.swift; sourceTree = "<group>"; };
/* End PBXFileReference section */

/* Begin PBXFrameworksBuildPhase section */
		D9A933A42A95058E006E144A /* Frameworks */ = {
			isa = PBXFrameworksBuildPhase;
			buildActionMask = 2147483647;
			files = (
			);
			runOnlyForDeploymentPostprocessing = 0;
		};
/* End PBXFrameworksBuildPhase section */

/* Begin PBXGroup section */
		D9A9339E2A95058E006E144A = {
			isa = PBXGroup;
			children = (
				D9A933A92A95058E006E144A /* Balance */,
				D9A933A82A95058E006E144A /* Products */,
			);
			sourceTree = "<group>";
		};
		D9A933A82A95058E006E144A /* Products */ = {
			isa = PBXGroup;
			children = (
				D9A933A72A95058E006E144A /* Balance.app */,
			);
			name = Products;
			sourceTree = "<group>";
		};
		D9A933A92A95058E006E144A /* Balance */ = {
			isa = PBXGroup;
			children = (
				D9A933C22A958063006E144A /* SystemExtensions */,
				D9A933CC2AA0FFFA006E144A /* Domain */,
				D9A933CB2AA0FFF3006E144A /* Views */,
				D9A933BB2A951331006E144A /* Info.plist */,
				D9A933BA2A95092A006E144A /* Balance.entitlements */,
				D9A933AA2A95058E006E144A /* BalanceApp.swift */,
				D9A933AE2A95058F006E144A /* Assets.xcassets */,
				D9A933B02A95058F006E144A /* Preview Content */,
			);
			path = Balance;
			sourceTree = "<group>";
		};
		D9A933B02A95058F006E144A /* Preview Content */ = {
			isa = PBXGroup;
			children = (
				D9A933B12A95058F006E144A /* Preview Assets.xcassets */,
			);
			path = "Preview Content";
			sourceTree = "<group>";
		};
		D9A933C22A958063006E144A /* SystemExtensions */ = {
			isa = PBXGroup;
			children = (
				D9A933BC2A951C5C006E144A /* Date.swift */,
				D9A933C32A958079006E144A /* Double.swift */,
				D9A933C72AA0FEA3006E144A /* ViewExtensions.swift */,
				D9A933D32AA1237A006E144A /* EnvironmentKeys.swift */,
				D9A933D92AA80FBA006E144A /* HKUnit.swift */,
			);
			path = SystemExtensions;
			sourceTree = "<group>";
		};
		D9A933C92AA0FFC6006E144A /* UIElements */ = {
			isa = PBXGroup;
			children = (
				D9A933BE2A952C04006E144A /* StackedBar.swift */,
				D9A933D12AA11D37006E144A /* DateFlipper.swift */,
				D9A933D72AA1308A006E144A /* OpposedStacksCircle.swift */,
			);
			path = UIElements;
			sourceTree = "<group>";
		};
		D9A933CB2AA0FFF3006E144A /* Views */ = {
			isa = PBXGroup;
			children = (
				D9A933AC2A95058E006E144A /* ContentView.swift */,
				D9A933C52AA0FC50006E144A /* DailySummaryView.swift */,
				D9A933CF2AA11044006E144A /* SettingsView.swift */,
				D9A933C92AA0FFC6006E144A /* UIElements */,
			);
			path = Views;
			sourceTree = "<group>";
		};
		D9A933CC2AA0FFFA006E144A /* Domain */ = {
			isa = PBXGroup;
			children = (
				D9A933B82A9505CA006E144A /* HealthKitHelper.swift */,
				D9A933C02A9574DC006E144A /* EstimationMode.swift */,
				D9A933CD2AA10776006E144A /* GoalDirection.swift */,
			);
			path = Domain;
			sourceTree = "<group>";
		};
/* End PBXGroup section */

/* Begin PBXNativeTarget section */
		D9A933A62A95058E006E144A /* Balance */ = {
			isa = PBXNativeTarget;
			buildConfigurationList = D9A933B52A95058F006E144A /* Build configuration list for PBXNativeTarget "Balance" */;
			buildPhases = (
				D9A933A32A95058E006E144A /* Sources */,
				D9A933A42A95058E006E144A /* Frameworks */,
				D9A933A52A95058E006E144A /* Resources */,
			);
			buildRules = (
			);
			dependencies = (
			);
			name = Balance;
			productName = Balance;
			productReference = D9A933A72A95058E006E144A /* Balance.app */;
			productType = "com.apple.product-type.application";
		};
/* End PBXNativeTarget section */

/* Begin PBXProject section */
		D9A9339F2A95058E006E144A /* Project object */ = {
			isa = PBXProject;
			attributes = {
				BuildIndependentTargetsInParallel = 1;
				LastSwiftUpdateCheck = 1430;
				LastUpgradeCheck = 1430;
				TargetAttributes = {
					D9A933A62A95058E006E144A = {
						CreatedOnToolsVersion = 14.3.1;
					};
				};
			};
			buildConfigurationList = D9A933A22A95058E006E144A /* Build configuration list for PBXProject "Balance" */;
			compatibilityVersion = "Xcode 14.0";
			developmentRegion = en;
			hasScannedForEncodings = 0;
			knownRegions = (
				en,
				Base,
			);
			mainGroup = D9A9339E2A95058E006E144A;
			productRefGroup = D9A933A82A95058E006E144A /* Products */;
			projectDirPath = "";
			projectRoot = "";
			targets = (
				D9A933A62A95058E006E144A /* Balance */,
			);
		};
/* End PBXProject section */

/* Begin PBXResourcesBuildPhase section */
		D9A933A52A95058E006E144A /* Resources */ = {
			isa = PBXResourcesBuildPhase;
			buildActionMask = 2147483647;
			files = (
				D9A933B22A95058F006E144A /* Preview Assets.xcassets in Resources */,
				D9A933AF2A95058F006E144A /* Assets.xcassets in Resources */,
			);
			runOnlyForDeploymentPostprocessing = 0;
		};
/* End PBXResourcesBuildPhase section */

/* Begin PBXSourcesBuildPhase section */
		D9A933A32A95058E006E144A /* Sources */ = {
			isa = PBXSourcesBuildPhase;
			buildActionMask = 2147483647;
			files = (
				D9A933AD2A95058E006E144A /* ContentView.swift in Sources */,
				D9A933BF2A952C04006E144A /* StackedBar.swift in Sources */,
				D9A933B92A9505CA006E144A /* HealthKitHelper.swift in Sources */,
				D9A933AB2A95058E006E144A /* BalanceApp.swift in Sources */,
				D9A933C82AA0FEA3006E144A /* ViewExtensions.swift in Sources */,
				D9A933DA2AA80FBA006E144A /* HKUnit.swift in Sources */,
				D9A933BD2A951C5C006E144A /* Date.swift in Sources */,
				D9A933D82AA1308A006E144A /* OpposedStacksCircle.swift in Sources */,
				D9A933CE2AA10776006E144A /* GoalDirection.swift in Sources */,
				D9A933C62AA0FC51006E144A /* DailySummaryView.swift in Sources */,
				D9A933D42AA1237A006E144A /* EnvironmentKeys.swift in Sources */,
				D9A933D22AA11D37006E144A /* DateFlipper.swift in Sources */,
				D9A933C12A9574DC006E144A /* EstimationMode.swift in Sources */,
				D9A933C42A958079006E144A /* Double.swift in Sources */,
				D9A933D02AA11044006E144A /* SettingsView.swift in Sources */,
			);
			runOnlyForDeploymentPostprocessing = 0;
		};
/* End PBXSourcesBuildPhase section */

/* Begin XCBuildConfiguration section */
		D9A933B32A95058F006E144A /* Debug */ = {
			isa = XCBuildConfiguration;
			buildSettings = {
				ALWAYS_SEARCH_USER_PATHS = NO;
				CLANG_ANALYZER_NONNULL = YES;
				CLANG_ANALYZER_NUMBER_OBJECT_CONVERSION = YES_AGGRESSIVE;
				CLANG_CXX_LANGUAGE_STANDARD = "gnu++20";
				CLANG_ENABLE_MODULES = YES;
				CLANG_ENABLE_OBJC_ARC = YES;
				CLANG_ENABLE_OBJC_WEAK = YES;
				CLANG_WARN_BLOCK_CAPTURE_AUTORELEASING = YES;
				CLANG_WARN_BOOL_CONVERSION = YES;
				CLANG_WARN_COMMA = YES;
				CLANG_WARN_CONSTANT_CONVERSION = YES;
				CLANG_WARN_DEPRECATED_OBJC_IMPLEMENTATIONS = YES;
				CLANG_WARN_DIRECT_OBJC_ISA_USAGE = YES_ERROR;
				CLANG_WARN_DOCUMENTATION_COMMENTS = YES;
				CLANG_WARN_EMPTY_BODY = YES;
				CLANG_WARN_ENUM_CONVERSION = YES;
				CLANG_WARN_INFINITE_RECURSION = YES;
				CLANG_WARN_INT_CONVERSION = YES;
				CLANG_WARN_NON_LITERAL_NULL_CONVERSION = YES;
				CLANG_WARN_OBJC_IMPLICIT_RETAIN_SELF = YES;
				CLANG_WARN_OBJC_LITERAL_CONVERSION = YES;
				CLANG_WARN_OBJC_ROOT_CLASS = YES_ERROR;
				CLANG_WARN_QUOTED_INCLUDE_IN_FRAMEWORK_HEADER = YES;
				CLANG_WARN_RANGE_LOOP_ANALYSIS = YES;
				CLANG_WARN_STRICT_PROTOTYPES = YES;
				CLANG_WARN_SUSPICIOUS_MOVE = YES;
				CLANG_WARN_UNGUARDED_AVAILABILITY = YES_AGGRESSIVE;
				CLANG_WARN_UNREACHABLE_CODE = YES;
				CLANG_WARN__DUPLICATE_METHOD_MATCH = YES;
				COPY_PHASE_STRIP = NO;
				DEBUG_INFORMATION_FORMAT = dwarf;
				ENABLE_STRICT_OBJC_MSGSEND = YES;
				ENABLE_TESTABILITY = YES;
				GCC_C_LANGUAGE_STANDARD = gnu11;
				GCC_DYNAMIC_NO_PIC = NO;
				GCC_NO_COMMON_BLOCKS = YES;
				GCC_OPTIMIZATION_LEVEL = 0;
				GCC_PREPROCESSOR_DEFINITIONS = (
					"DEBUG=1",
					"$(inherited)",
				);
				GCC_WARN_64_TO_32_BIT_CONVERSION = YES;
				GCC_WARN_ABOUT_RETURN_TYPE = YES_ERROR;
				GCC_WARN_UNDECLARED_SELECTOR = YES;
				GCC_WARN_UNINITIALIZED_AUTOS = YES_AGGRESSIVE;
				GCC_WARN_UNUSED_FUNCTION = YES;
				GCC_WARN_UNUSED_VARIABLE = YES;
				IPHONEOS_DEPLOYMENT_TARGET = 16.4;
				MTL_ENABLE_DEBUG_INFO = INCLUDE_SOURCE;
				MTL_FAST_MATH = YES;
				ONLY_ACTIVE_ARCH = YES;
				SDKROOT = iphoneos;
				SWIFT_ACTIVE_COMPILATION_CONDITIONS = DEBUG;
				SWIFT_OPTIMIZATION_LEVEL = "-Onone";
			};
			name = Debug;
		};
		D9A933B42A95058F006E144A /* Release */ = {
			isa = XCBuildConfiguration;
			buildSettings = {
				ALWAYS_SEARCH_USER_PATHS = NO;
				CLANG_ANALYZER_NONNULL = YES;
				CLANG_ANALYZER_NUMBER_OBJECT_CONVERSION = YES_AGGRESSIVE;
				CLANG_CXX_LANGUAGE_STANDARD = "gnu++20";
				CLANG_ENABLE_MODULES = YES;
				CLANG_ENABLE_OBJC_ARC = YES;
				CLANG_ENABLE_OBJC_WEAK = YES;
				CLANG_WARN_BLOCK_CAPTURE_AUTORELEASING = YES;
				CLANG_WARN_BOOL_CONVERSION = YES;
				CLANG_WARN_COMMA = YES;
				CLANG_WARN_CONSTANT_CONVERSION = YES;
				CLANG_WARN_DEPRECATED_OBJC_IMPLEMENTATIONS = YES;
				CLANG_WARN_DIRECT_OBJC_ISA_USAGE = YES_ERROR;
				CLANG_WARN_DOCUMENTATION_COMMENTS = YES;
				CLANG_WARN_EMPTY_BODY = YES;
				CLANG_WARN_ENUM_CONVERSION = YES;
				CLANG_WARN_INFINITE_RECURSION = YES;
				CLANG_WARN_INT_CONVERSION = YES;
				CLANG_WARN_NON_LITERAL_NULL_CONVERSION = YES;
				CLANG_WARN_OBJC_IMPLICIT_RETAIN_SELF = YES;
				CLANG_WARN_OBJC_LITERAL_CONVERSION = YES;
				CLANG_WARN_OBJC_ROOT_CLASS = YES_ERROR;
				CLANG_WARN_QUOTED_INCLUDE_IN_FRAMEWORK_HEADER = YES;
				CLANG_WARN_RANGE_LOOP_ANALYSIS = YES;
				CLANG_WARN_STRICT_PROTOTYPES = YES;
				CLANG_WARN_SUSPICIOUS_MOVE = YES;
				CLANG_WARN_UNGUARDED_AVAILABILITY = YES_AGGRESSIVE;
				CLANG_WARN_UNREACHABLE_CODE = YES;
				CLANG_WARN__DUPLICATE_METHOD_MATCH = YES;
				COPY_PHASE_STRIP = NO;
				DEBUG_INFORMATION_FORMAT = "dwarf-with-dsym";
				ENABLE_NS_ASSERTIONS = NO;
				ENABLE_STRICT_OBJC_MSGSEND = YES;
				GCC_C_LANGUAGE_STANDARD = gnu11;
				GCC_NO_COMMON_BLOCKS = YES;
				GCC_WARN_64_TO_32_BIT_CONVERSION = YES;
				GCC_WARN_ABOUT_RETURN_TYPE = YES_ERROR;
				GCC_WARN_UNDECLARED_SELECTOR = YES;
				GCC_WARN_UNINITIALIZED_AUTOS = YES_AGGRESSIVE;
				GCC_WARN_UNUSED_FUNCTION = YES;
				GCC_WARN_UNUSED_VARIABLE = YES;
				IPHONEOS_DEPLOYMENT_TARGET = 16.4;
				MTL_ENABLE_DEBUG_INFO = NO;
				MTL_FAST_MATH = YES;
				SDKROOT = iphoneos;
				SWIFT_COMPILATION_MODE = wholemodule;
				SWIFT_OPTIMIZATION_LEVEL = "-O";
				VALIDATE_PRODUCT = YES;
			};
			name = Release;
		};
		D9A933B62A95058F006E144A /* Debug */ = {
			isa = XCBuildConfiguration;
			buildSettings = {
				ASSETCATALOG_COMPILER_APPICON_NAME = AppIcon;
				ASSETCATALOG_COMPILER_GLOBAL_ACCENT_COLOR_NAME = AccentColor;
				CODE_SIGN_ENTITLEMENTS = Balance/Balance.entitlements;
				CODE_SIGN_STYLE = Automatic;
				CURRENT_PROJECT_VERSION = 1;
				DEVELOPMENT_ASSET_PATHS = "\"Balance/Preview Content\"";
				DEVELOPMENT_TEAM = SJ2JB357J3;
				ENABLE_PREVIEWS = YES;
				GENERATE_INFOPLIST_FILE = YES;
				INFOPLIST_FILE = Balance/Info.plist;
				INFOPLIST_KEY_NSHealthShareUsageDescription = "This app needs active, resting, and dietary energy data in order to display it to you. The data is not copied, transfered off device, or used in any way other than to display the data to you.";
				INFOPLIST_KEY_UIApplicationSceneManifest_Generation = YES;
				INFOPLIST_KEY_UIApplicationSupportsIndirectInputEvents = YES;
				INFOPLIST_KEY_UILaunchScreen_Generation = YES;
				INFOPLIST_KEY_UISupportedInterfaceOrientations = UIInterfaceOrientationPortrait;
				INFOPLIST_KEY_UISupportedInterfaceOrientations_iPad = "UIInterfaceOrientationLandscapeLeft UIInterfaceOrientationLandscapeRight UIInterfaceOrientationPortrait UIInterfaceOrientationPortraitUpsideDown";
				LD_RUNPATH_SEARCH_PATHS = (
					"$(inherited)",
					"@executable_path/Frameworks",
				);
				MARKETING_VERSION = 1.0;
				PRODUCT_BUNDLE_IDENTIFIER = io.sabrinabea.Balance;
				PRODUCT_NAME = "$(TARGET_NAME)";
				SWIFT_EMIT_LOC_STRINGS = YES;
				SWIFT_VERSION = 5.0;
				TARGETED_DEVICE_FAMILY = "1,2";
			};
			name = Debug;
		};
		D9A933B72A95058F006E144A /* Release */ = {
			isa = XCBuildConfiguration;
			buildSettings = {
				ASSETCATALOG_COMPILER_APPICON_NAME = AppIcon;
				ASSETCATALOG_COMPILER_GLOBAL_ACCENT_COLOR_NAME = AccentColor;
				CODE_SIGN_ENTITLEMENTS = Balance/Balance.entitlements;
				CODE_SIGN_STYLE = Automatic;
				CURRENT_PROJECT_VERSION = 1;
				DEVELOPMENT_ASSET_PATHS = "\"Balance/Preview Content\"";
				DEVELOPMENT_TEAM = SJ2JB357J3;
				ENABLE_PREVIEWS = YES;
				GENERATE_INFOPLIST_FILE = YES;
				INFOPLIST_FILE = Balance/Info.plist;
				INFOPLIST_KEY_NSHealthShareUsageDescription = "This app needs active, resting, and dietary energy data in order to display it to you. The data is not copied, transfered off device, or used in any way other than to display the data to you.";
				INFOPLIST_KEY_UIApplicationSceneManifest_Generation = YES;
				INFOPLIST_KEY_UIApplicationSupportsIndirectInputEvents = YES;
				INFOPLIST_KEY_UILaunchScreen_Generation = YES;
				INFOPLIST_KEY_UISupportedInterfaceOrientations = UIInterfaceOrientationPortrait;
				INFOPLIST_KEY_UISupportedInterfaceOrientations_iPad = "UIInterfaceOrientationLandscapeLeft UIInterfaceOrientationLandscapeRight UIInterfaceOrientationPortrait UIInterfaceOrientationPortraitUpsideDown";
				LD_RUNPATH_SEARCH_PATHS = (
					"$(inherited)",
					"@executable_path/Frameworks",
				);
				MARKETING_VERSION = 1.0;
				PRODUCT_BUNDLE_IDENTIFIER = io.sabrinabea.Balance;
				PRODUCT_NAME = "$(TARGET_NAME)";
				SWIFT_EMIT_LOC_STRINGS = YES;
				SWIFT_VERSION = 5.0;
				TARGETED_DEVICE_FAMILY = "1,2";
			};
			name = Release;
		};
/* End XCBuildConfiguration section */

/* Begin XCConfigurationList section */
		D9A933A22A95058E006E144A /* Build configuration list for PBXProject "Balance" */ = {
			isa = XCConfigurationList;
			buildConfigurations = (
				D9A933B32A95058F006E144A /* Debug */,
				D9A933B42A95058F006E144A /* Release */,
			);
			defaultConfigurationIsVisible = 0;
			defaultConfigurationName = Release;
		};
		D9A933B52A95058F006E144A /* Build configuration list for PBXNativeTarget "Balance" */ = {
			isa = XCConfigurationList;
			buildConfigurations = (
				D9A933B62A95058F006E144A /* Debug */,
				D9A933B72A95058F006E144A /* Release */,
			);
			defaultConfigurationIsVisible = 0;
			defaultConfigurationName = Release;
		};
/* End XCConfigurationList section */
	};
	rootObject = D9A9339F2A95058E006E144A /* Project object */;
}
